<Solution>
  <Folder Name="/src/">
    <Project Path="src/BitNetSharp.App/BitNetSharp.App.csproj" />
    <Project Path="src/BitNetSharp.Core/BitNetSharp.Core.csproj" />
  </Folder>
  <Folder Name="/tests/">
    <Project Path="tests/BitNetSharp.Tests/BitNetSharp.Tests.csproj" />
  </Folder>
</Solution>
